// !$*UTF8*$!
{
	archiveVersion = 1;
	classes = {
	};
	objectVersion = 50;
	objects = {

/* Begin PBXBuildFile section */
		22405F4525C495E8006A2386 /* AppDelegate.swift in Sources */ = {isa = PBXBuildFile; fileRef = 22405F4425C495E8006A2386 /* AppDelegate.swift */; };
		22405F4725C495E8006A2386 /* SceneDelegate.swift in Sources */ = {isa = PBXBuildFile; fileRef = 22405F4625C495E8006A2386 /* SceneDelegate.swift */; };
		22405F4925C495E8006A2386 /* AddStoryPromptViewController.swift in Sources */ = {isa = PBXBuildFile; fileRef = 22405F4825C495E8006A2386 /* AddStoryPromptViewController.swift */; };
		22405F4C25C495E8006A2386 /* Main.storyboard in Resources */ = {isa = PBXBuildFile; fileRef = 22405F4A25C495E8006A2386 /* Main.storyboard */; };
		22405F4E25C495E9006A2386 /* Assets.xcassets in Resources */ = {isa = PBXBuildFile; fileRef = 22405F4D25C495E9006A2386 /* Assets.xcassets */; };
		22405F5125C495E9006A2386 /* LaunchScreen.storyboard in Resources */ = {isa = PBXBuildFile; fileRef = 22405F4F25C495E9006A2386 /* LaunchScreen.storyboard */; };
		22405F5D25C49667006A2386 /* StoryPromptEntry.swift in Sources */ = {isa = PBXBuildFile; fileRef = 22405F5B25C49667006A2386 /* StoryPromptEntry.swift */; };
		22405F5E25C49667006A2386 /* StoryPrompts.swift in Sources */ = {isa = PBXBuildFile; fileRef = 22405F5C25C49667006A2386 /* StoryPrompts.swift */; };
		22A1D77C2603810200026B02 /* StoryPromptViewController.swift in Sources */ = {isa = PBXBuildFile; fileRef = 22A1D77B2603810200026B02 /* StoryPromptViewController.swift */; };
		22B9CDBE2603C84100A042F1 /* StoryPromptTableViewController.swift in Sources */ = {isa = PBXBuildFile; fileRef = 22B9CDBD2603C84100A042F1 /* StoryPromptTableViewController.swift */; };
/* End PBXBuildFile section */

/* Begin PBXFileReference section */
		22405F4125C495E8006A2386 /* StoryPrompt.app */ = {isa = PBXFileReference; explicitFileType = wrapper.application; includeInIndex = 0; path = StoryPrompt.app; sourceTree = BUILT_PRODUCTS_DIR; };
		22405F4425C495E8006A2386 /* AppDelegate.swift */ = {isa = PBXFileReference; lastKnownFileType = sourcecode.swift; path = AppDelegate.swift; sourceTree = "<group>"; };
		22405F4625C495E8006A2386 /* SceneDelegate.swift */ = {isa = PBXFileReference; lastKnownFileType = sourcecode.swift; path = SceneDelegate.swift; sourceTree = "<group>"; };
		22405F4825C495E8006A2386 /* AddStoryPromptViewController.swift */ = {isa = PBXFileReference; lastKnownFileType = sourcecode.swift; path = AddStoryPromptViewController.swift; sourceTree = "<group>"; };
		22405F4B25C495E8006A2386 /* Base */ = {isa = PBXFileReference; lastKnownFileType = file.storyboard; name = Base; path = Base.lproj/Main.storyboard; sourceTree = "<group>"; };
		22405F4D25C495E9006A2386 /* Assets.xcassets */ = {isa = PBXFileReference; lastKnownFileType = folder.assetcatalog; path = Assets.xcassets; sourceTree = "<group>"; };
		22405F5025C495E9006A2386 /* Base */ = {isa = PBXFileReference; lastKnownFileType = file.storyboard; name = Base; path = Base.lproj/LaunchScreen.storyboard; sourceTree = "<group>"; };
		22405F5225C495E9006A2386 /* Info.plist */ = {isa = PBXFileReference; lastKnownFileType = text.plist.xml; path = Info.plist; sourceTree = "<group>"; };
		22405F5B25C49667006A2386 /* StoryPromptEntry.swift */ = {isa = PBXFileReference; fileEncoding = 4; lastKnownFileType = sourcecode.swift; name = StoryPromptEntry.swift; path = "../../../../../../../../Downloads/video-ukf-materials-versions-1.0/02-meet-the-view-controller/starter/StoryPromptEntry.swift"; sourceTree = "<group>"; };
		22405F5C25C49667006A2386 /* StoryPrompts.swift */ = {isa = PBXFileReference; fileEncoding = 4; lastKnownFileType = sourcecode.swift; name = StoryPrompts.swift; path = "../../../../../../../../Downloads/video-ukf-materials-versions-1.0/02-meet-the-view-controller/starter/StoryPrompts.swift"; sourceTree = "<group>"; };
		22A1D77B2603810200026B02 /* StoryPromptViewController.swift */ = {isa = PBXFileReference; lastKnownFileType = sourcecode.swift; path = StoryPromptViewController.swift; sourceTree = "<group>"; };
		22B9CDBD2603C84100A042F1 /* StoryPromptTableViewController.swift */ = {isa = PBXFileReference; lastKnownFileType = sourcecode.swift; path = StoryPromptTableViewController.swift; sourceTree = "<group>"; };
/* End PBXFileReference section */

/* Begin PBXFrameworksBuildPhase section */
		22405F3E25C495E8006A2386 /* Frameworks */ = {
			isa = PBXFrameworksBuildPhase;
			buildActionMask = 2147483647;
			files = (
			);
			runOnlyForDeploymentPostprocessing = 0;
		};
/* End PBXFrameworksBuildPhase section */

/* Begin PBXGroup section */
		22405F3825C495E8006A2386 = {
			isa = PBXGroup;
			children = (
				22405F4325C495E8006A2386 /* StoryPrompt */,
				22405F4225C495E8006A2386 /* Products */,
			);
			sourceTree = "<group>";
		};
		22405F4225C495E8006A2386 /* Products */ = {
			isa = PBXGroup;
			children = (
				22405F4125C495E8006A2386 /* StoryPrompt.app */,
			);
			name = Products;
			sourceTree = "<group>";
		};
		22405F4325C495E8006A2386 /* StoryPrompt */ = {
			isa = PBXGroup;
			children = (
				22A1D77926037F0D00026B02 /* controller */,
				22A1D77826037EFD00026B02 /* view */,
				22405F5925C495F2006A2386 /* Model */,
				22405F4425C495E8006A2386 /* AppDelegate.swift */,
				22405F4625C495E8006A2386 /* SceneDelegate.swift */,
				22405F4D25C495E9006A2386 /* Assets.xcassets */,
				22405F5225C495E9006A2386 /* Info.plist */,
			);
			path = StoryPrompt;
			sourceTree = "<group>";
		};
		22405F5925C495F2006A2386 /* Model */ = {
			isa = PBXGroup;
			children = (
				22405F5B25C49667006A2386 /* StoryPromptEntry.swift */,
				22405F5C25C49667006A2386 /* StoryPrompts.swift */,
			);
			path = Model;
			sourceTree = "<group>";
		};
		22A1D77826037EFD00026B02 /* view */ = {
			isa = PBXGroup;
			children = (
				22405F4A25C495E8006A2386 /* Main.storyboard */,
				22405F4F25C495E9006A2386 /* LaunchScreen.storyboard */,
			);
			path = view;
			sourceTree = "<group>";
		};
		22A1D77926037F0D00026B02 /* controller */ = {
			isa = PBXGroup;
			children = (
				22405F4825C495E8006A2386 /* AddStoryPromptViewController.swift */,
				22A1D77B2603810200026B02 /* StoryPromptViewController.swift */,
				22B9CDBD2603C84100A042F1 /* StoryPromptTableViewController.swift */,
			);
			path = controller;
			sourceTree = "<group>";
		};
/* End PBXGroup section */

/* Begin PBXNativeTarget section */
		22405F4025C495E8006A2386 /* StoryPrompt */ = {
			isa = PBXNativeTarget;
			buildConfigurationList = 22405F5525C495E9006A2386 /* Build configuration list for PBXNativeTarget "StoryPrompt" */;
			buildPhases = (
				22405F3D25C495E8006A2386 /* Sources */,
				22405F3E25C495E8006A2386 /* Frameworks */,
				22405F3F25C495E8006A2386 /* Resources */,
			);
			buildRules = (
			);
			dependencies = (
			);
			name = StoryPrompt;
			productName = StoryPrompt;
			productReference = 22405F4125C495E8006A2386 /* StoryPrompt.app */;
			productType = "com.apple.product-type.application";
		};
/* End PBXNativeTarget section */

/* Begin PBXProject section */
		22405F3925C495E8006A2386 /* Project object */ = {
			isa = PBXProject;
			attributes = {
				LastSwiftUpdateCheck = 1240;
				LastUpgradeCheck = 1240;
				TargetAttributes = {
					22405F4025C495E8006A2386 = {
						CreatedOnToolsVersion = 12.4;
					};
				};
			};
			buildConfigurationList = 22405F3C25C495E8006A2386 /* Build configuration list for PBXProject "StoryPrompt" */;
			compatibilityVersion = "Xcode 9.3";
			developmentRegion = en;
			hasScannedForEncodings = 0;
			knownRegions = (
				en,
				Base,
			);
			mainGroup = 22405F3825C495E8006A2386;
			productRefGroup = 22405F4225C495E8006A2386 /* Products */;
			projectDirPath = "";
			projectRoot = "";
			targets = (
				22405F4025C495E8006A2386 /* StoryPrompt */,
			);
		};
/* End PBXProject section */

/* Begin PBXResourcesBuildPhase section */
		22405F3F25C495E8006A2386 /* Resources */ = {
			isa = PBXResourcesBuildPhase;
			buildActionMask = 2147483647;
			files = (
				22405F5125C495E9006A2386 /* LaunchScreen.storyboard in Resources */,
				22405F4E25C495E9006A2386 /* Assets.xcassets in Resources */,
				22405F4C25C495E8006A2386 /* Main.storyboard in Resources */,
			);
			runOnlyForDeploymentPostprocessing = 0;
		};
/* End PBXResourcesBuildPhase section */

/* Begin PBXSourcesBuildPhase section */
		22405F3D25C495E8006A2386 /* Sources */ = {
			isa = PBXSourcesBuildPhase;
			buildActionMask = 2147483647;
			files = (
				22B9CDBE2603C84100A042F1 /* StoryPromptTableViewController.swift in Sources */,
				22A1D77C2603810200026B02 /* StoryPromptViewController.swift in Sources */,
				22405F5E25C49667006A2386 /* StoryPrompts.swift in Sources */,
				22405F4925C495E8006A2386 /* AddStoryPromptViewController.swift in Sources */,
				22405F4525C495E8006A2386 /* AppDelegate.swift in Sources */,
				22405F5D25C49667006A2386 /* StoryPromptEntry.swift in Sources */,
				22405F4725C495E8006A2386 /* SceneDelegate.swift in Sources */,
			);
			runOnlyForDeploymentPostprocessing = 0;
		};
/* End PBXSourcesBuildPhase section */

/* Begin PBXVariantGroup section */
		22405F4A25C495E8006A2386 /* Main.storyboard */ = {
			isa = PBXVariantGroup;
			children = (
				22405F4B25C495E8006A2386 /* Base */,
			);
			name = Main.storyboard;
			sourceTree = "<group>";
		};
		22405F4F25C495E9006A2386 /* LaunchScreen.storyboard */ = {
			isa = PBXVariantGroup;
			children = (
				22405F5025C495E9006A2386 /* Base */,
			);
			name = LaunchScreen.storyboard;
			sourceTree = "<group>";
		};
/* End PBXVariantGroup section */

/* Begin XCBuildConfiguration section */
		22405F5325C495E9006A2386 /* Debug */ = {
			isa = XCBuildConfiguration;
			buildSettings = {
				ALWAYS_SEARCH_USER_PATHS = NO;
				CLANG_ANALYZER_NONNULL = YES;
				CLANG_ANALYZER_NUMBER_OBJECT_CONVERSION = YES_AGGRESSIVE;
				CLANG_CXX_LANGUAGE_STANDARD = "gnu++14";
				CLANG_CXX_LIBRARY = "libc++";
				CLANG_ENABLE_MODULES = YES;
				CLANG_ENABLE_OBJC_ARC = YES;
				CLANG_ENABLE_OBJC_WEAK = YES;
				CLANG_WARN_BLOCK_CAPTURE_AUTORELEASING = YES;
				CLANG_WARN_BOOL_CONVERSION = YES;
				CLANG_WARN_COMMA = YES;
				CLANG_WARN_CONSTANT_CONVERSION = YES;
				CLANG_WARN_DEPRECATED_OBJC_IMPLEMENTATIONS = YES;
				CLANG_WARN_DIRECT_OBJC_ISA_USAGE = YES_ERROR;
				CLANG_WARN_DOCUMENTATION_COMMENTS = YES;
				CLANG_WARN_EMPTY_BODY = YES;
				CLANG_WARN_ENUM_CONVERSION = YES;
				CLANG_WARN_INFINITE_RECURSION = YES;
				CLANG_WARN_INT_CONVERSION = YES;
				CLANG_WARN_NON_LITERAL_NULL_CONVERSION = YES;
				CLANG_WARN_OBJC_IMPLICIT_RETAIN_SELF = YES;
				CLANG_WARN_OBJC_LITERAL_CONVERSION = YES;
				CLANG_WARN_OBJC_ROOT_CLASS = YES_ERROR;
				CLANG_WARN_QUOTED_INCLUDE_IN_FRAMEWORK_HEADER = YES;
				CLANG_WARN_RANGE_LOOP_ANALYSIS = YES;
				CLANG_WARN_STRICT_PROTOTYPES = YES;
				CLANG_WARN_SUSPICIOUS_MOVE = YES;
				CLANG_WARN_UNGUARDED_AVAILABILITY = YES_AGGRESSIVE;
				CLANG_WARN_UNREACHABLE_CODE = YES;
				CLANG_WARN__DUPLICATE_METHOD_MATCH = YES;
				COPY_PHASE_STRIP = NO;
				DEBUG_INFORMATION_FORMAT = dwarf;
				ENABLE_STRICT_OBJC_MSGSEND = YES;
				ENABLE_TESTABILITY = YES;
				GCC_C_LANGUAGE_STANDARD = gnu11;
				GCC_DYNAMIC_NO_PIC = NO;
				GCC_NO_COMMON_BLOCKS = YES;
				GCC_OPTIMIZATION_LEVEL = 0;
				GCC_PREPROCESSOR_DEFINITIONS = (
					"DEBUG=1",
					"$(inherited)",
				);
				GCC_WARN_64_TO_32_BIT_CONVERSION = YES;
				GCC_WARN_ABOUT_RETURN_TYPE = YES_ERROR;
				GCC_WARN_UNDECLARED_SELECTOR = YES;
				GCC_WARN_UNINITIALIZED_AUTOS = YES_AGGRESSIVE;
				GCC_WARN_UNUSED_FUNCTION = YES;
				GCC_WARN_UNUSED_VARIABLE = YES;
				IPHONEOS_DEPLOYMENT_TARGET = 14.4;
				MTL_ENABLE_DEBUG_INFO = INCLUDE_SOURCE;
				MTL_FAST_MATH = YES;
				ONLY_ACTIVE_ARCH = YES;
				SDKROOT = iphoneos;
				SWIFT_ACTIVE_COMPILATION_CONDITIONS = DEBUG;
				SWIFT_OPTIMIZATION_LEVEL = "-Onone";
			};
			name = Debug;
		};
		22405F5425C495E9006A2386 /* Release */ = {
			isa = XCBuildConfiguration;
			buildSettings = {
				ALWAYS_SEARCH_USER_PATHS = NO;
				CLANG_ANALYZER_NONNULL = YES;
				CLANG_ANALYZER_NUMBER_OBJECT_CONVERSION = YES_AGGRESSIVE;
				CLANG_CXX_LANGUAGE_STANDARD = "gnu++14";
				CLANG_CXX_LIBRARY = "libc++";
				CLANG_ENABLE_MODULES = YES;
				CLANG_ENABLE_OBJC_ARC = YES;
				CLANG_ENABLE_OBJC_WEAK = YES;
				CLANG_WARN_BLOCK_CAPTURE_AUTORELEASING = YES;
				CLANG_WARN_BOOL_CONVERSION = YES;
				CLANG_WARN_COMMA = YES;
				CLANG_WARN_CONSTANT_CONVERSION = YES;
				CLANG_WARN_DEPRECATED_OBJC_IMPLEMENTATIONS = YES;
				CLANG_WARN_DIRECT_OBJC_ISA_USAGE = YES_ERROR;
				CLANG_WARN_DOCUMENTATION_COMMENTS = YES;
				CLANG_WARN_EMPTY_BODY = YES;
				CLANG_WARN_ENUM_CONVERSION = YES;
				CLANG_WARN_INFINITE_RECURSION = YES;
				CLANG_WARN_INT_CONVERSION = YES;
				CLANG_WARN_NON_LITERAL_NULL_CONVERSION = YES;
				CLANG_WARN_OBJC_IMPLICIT_RETAIN_SELF = YES;
				CLANG_WARN_OBJC_LITERAL_CONVERSION = YES;
				CLANG_WARN_OBJC_ROOT_CLASS = YES_ERROR;
				CLANG_WARN_QUOTED_INCLUDE_IN_FRAMEWORK_HEADER = YES;
				CLANG_WARN_RANGE_LOOP_ANALYSIS = YES;
				CLANG_WARN_STRICT_PROTOTYPES = YES;
				CLANG_WARN_SUSPICIOUS_MOVE = YES;
				CLANG_WARN_UNGUARDED_AVAILABILITY = YES_AGGRESSIVE;
				CLANG_WARN_UNREACHABLE_CODE = YES;
				CLANG_WARN__DUPLICATE_METHOD_MATCH = YES;
				COPY_PHASE_STRIP = NO;
				DEBUG_INFORMATION_FORMAT = "dwarf-with-dsym";
				ENABLE_NS_ASSERTIONS = NO;
				ENABLE_STRICT_OBJC_MSGSEND = YES;
				GCC_C_LANGUAGE_STANDARD = gnu11;
				GCC_NO_COMMON_BLOCKS = YES;
				GCC_WARN_64_TO_32_BIT_CONVERSION = YES;
				GCC_WARN_ABOUT_RETURN_TYPE = YES_ERROR;
				GCC_WARN_UNDECLARED_SELECTOR = YES;
				GCC_WARN_UNINITIALIZED_AUTOS = YES_AGGRESSIVE;
				GCC_WARN_UNUSED_FUNCTION = YES;
				GCC_WARN_UNUSED_VARIABLE = YES;
				IPHONEOS_DEPLOYMENT_TARGET = 14.4;
				MTL_ENABLE_DEBUG_INFO = NO;
				MTL_FAST_MATH = YES;
				SDKROOT = iphoneos;
				SWIFT_COMPILATION_MODE = wholemodule;
				SWIFT_OPTIMIZATION_LEVEL = "-O";
				VALIDATE_PRODUCT = YES;
			};
			name = Release;
		};
		22405F5625C495E9006A2386 /* Debug */ = {
			isa = XCBuildConfiguration;
			buildSettings = {
				ASSETCATALOG_COMPILER_APPICON_NAME = AppIcon;
				ASSETCATALOG_COMPILER_GLOBAL_ACCENT_COLOR_NAME = AccentColor;
				CODE_SIGN_STYLE = Automatic;
				DEVELOPMENT_TEAM = 4K4R79DB5B;
				INFOPLIST_FILE = StoryPrompt/Info.plist;
				LD_RUNPATH_SEARCH_PATHS = (
					"$(inherited)",
					"@executable_path/Frameworks",
				);
				PRODUCT_BUNDLE_IDENTIFIER = br.com.mauricio.StoryPrompt;
				PRODUCT_NAME = "$(TARGET_NAME)";
				SWIFT_VERSION = 5.0;
				TARGETED_DEVICE_FAMILY = "1,2";
			};
			name = Debug;
		};
		22405F5725C495E9006A2386 /* Release */ = {
			isa = XCBuildConfiguration;
			buildSettings = {
				ASSETCATALOG_COMPILER_APPICON_NAME = AppIcon;
				ASSETCATALOG_COMPILER_GLOBAL_ACCENT_COLOR_NAME = AccentColor;
				CODE_SIGN_STYLE = Automatic;
				DEVELOPMENT_TEAM = 4K4R79DB5B;
				INFOPLIST_FILE = StoryPrompt/Info.plist;
				LD_RUNPATH_SEARCH_PATHS = (
					"$(inherited)",
					"@executable_path/Frameworks",
				);
				PRODUCT_BUNDLE_IDENTIFIER = br.com.mauricio.StoryPrompt;
				PRODUCT_NAME = "$(TARGET_NAME)";
				SWIFT_VERSION = 5.0;
				TARGETED_DEVICE_FAMILY = "1,2";
			};
			name = Release;
		};
/* End XCBuildConfiguration section */

/* Begin XCConfigurationList section */
		22405F3C25C495E8006A2386 /* Build configuration list for PBXProject "StoryPrompt" */ = {
			isa = XCConfigurationList;
			buildConfigurations = (
				22405F5325C495E9006A2386 /* Debug */,
				22405F5425C495E9006A2386 /* Release */,
			);
			defaultConfigurationIsVisible = 0;
			defaultConfigurationName = Release;
		};
		22405F5525C495E9006A2386 /* Build configuration list for PBXNativeTarget "StoryPrompt" */ = {
			isa = XCConfigurationList;
			buildConfigurations = (
				22405F5625C495E9006A2386 /* Debug */,
				22405F5725C495E9006A2386 /* Release */,
			);
			defaultConfigurationIsVisible = 0;
			defaultConfigurationName = Release;
		};
/* End XCConfigurationList section */
	};
	rootObject = 22405F3925C495E8006A2386 /* Project object */;
}
